
Microsoft Visual Studio Solution File, Format Version 12.00
# Visual Studio Version 17
VisualStudioVersion = 17.0.31903.59
MinimumVisualStudioVersion = 10.0.40219.1
Project("{2150E333-8FDC-42A3-9474-1A3956D46DE8}") = "src", "src", "{DE8DC363-89C8-436A-BFC5-589C0B1E6E58}"
EndProject
Project("{FAE04EC0-301F-11D3-BF4B-00C04F79EFBC}") = "PSM.Domain", "src\PSM.Domain\PSM.Domain.csproj", "{80F2E4F1-C282-4CB7-99ED-0235B66552C7}"
EndProject
Project("{FAE04EC0-301F-11D3-BF4B-00C04F79EFBC}") = "PSM.Application", "src\PSM.Application\PSM.Application.csproj", "{5ABA672E-D24C-4F8D-9562-5017EF8DC630}"
EndProject
Project("{FAE04EC0-301F-11D3-BF4B-00C04F79EFBC}") = "PSM.Infrastructure", "src\PSM.Infrastructure\PSM.Infrastructure.csproj", "{766193C6-0BD2-4616-B77C-2301C177287A}"
EndProject
Project("{FAE04EC0-301F-11D3-BF4B-00C04F79EFBC}") = "PSM.Api", "src\PSM.Api\PSM.Api.csproj", "{433AB1EC-76B7-4BC8-A560-398C065CDE86}"
EndProject
Global
	GlobalSection(SolutionConfigurationPlatforms) = preSolution
		Debug|Any CPU = Debug|Any CPU
		Release|Any CPU = Release|Any CPU
	EndGlobalSection
	GlobalSection(SolutionProperties) = preSolution
		HideSolutionNode = FALSE
	EndGlobalSection
	GlobalSection(ProjectConfigurationPlatforms) = postSolution
		{80F2E4F1-C282-4CB7-99ED-0235B66552C7}.Debug|Any CPU.ActiveCfg = Debug|Any CPU
		{80F2E4F1-C282-4CB7-99ED-0235B66552C7}.Debug|Any CPU.Build.0 = Debug|Any CPU
		{80F2E4F1-C282-4CB7-99ED-0235B66552C7}.Release|Any CPU.ActiveCfg = Release|Any CPU
		{80F2E4F1-C282-4CB7-99ED-0235B66552C7}.Release|Any CPU.Build.0 = Release|Any CPU
		{5ABA672E-D24C-4F8D-9562-5017EF8DC630}.Debug|Any CPU.ActiveCfg = Debug|Any CPU
		{5ABA672E-D24C-4F8D-9562-5017EF8DC630}.Debug|Any CPU.Build.0 = Debug|Any CPU
		{5ABA672E-D24C-4F8D-9562-5017EF8DC630}.Release|Any CPU.ActiveCfg = Release|Any CPU
		{5ABA672E-D24C-4F8D-9562-5017EF8DC630}.Release|Any CPU.Build.0 = Release|Any CPU
		{766193C6-0BD2-4616-B77C-2301C177287A}.Debug|Any CPU.ActiveCfg = Debug|Any CPU
		{766193C6-0BD2-4616-B77C-2301C177287A}.Debug|Any CPU.Build.0 = Debug|Any CPU
		{766193C6-0BD2-4616-B77C-2301C177287A}.Release|Any CPU.ActiveCfg = Release|Any CPU
		{766193C6-0BD2-4616-B77C-2301C177287A}.Release|Any CPU.Build.0 = Release|Any CPU
		{433AB1EC-76B7-4BC8-A560-398C065CDE86}.Debug|Any CPU.ActiveCfg = Debug|Any CPU
		{433AB1EC-76B7-4BC8-A560-398C065CDE86}.Debug|Any CPU.Build.0 = Debug|Any CPU
		{433AB1EC-76B7-4BC8-A560-398C065CDE86}.Release|Any CPU.ActiveCfg = Release|Any CPU
		{433AB1EC-76B7-4BC8-A560-398C065CDE86}.Release|Any CPU.Build.0 = Release|Any CPU
	EndGlobalSection
	GlobalSection(NestedProjects) = preSolution
		{80F2E4F1-C282-4CB7-99ED-0235B66552C7} = {DE8DC363-89C8-436A-BFC5-589C0B1E6E58}
		{5ABA672E-D24C-4F8D-9562-5017EF8DC630} = {DE8DC363-89C8-436A-BFC5-589C0B1E6E58}
		{766193C6-0BD2-4616-B77C-2301C177287A} = {DE8DC363-89C8-436A-BFC5-589C0B1E6E58}
		{433AB1EC-76B7-4BC8-A560-398C065CDE86} = {DE8DC363-89C8-436A-BFC5-589C0B1E6E58}
	EndGlobalSection
EndGlobal
